// !$*UTF8*$!
{
	archiveVersion = 1;
	classes = {
	};
	objectVersion = 55;
	objects = {

/* Begin PBXBuildFile section */
		02271168285CAA7D0049BECA /* AppDelegate.swift in Sources */ = {isa = PBXBuildFile; fileRef = 02271167285CAA7D0049BECA /* AppDelegate.swift */; };
		0227116A285CAA7D0049BECA /* SceneDelegate.swift in Sources */ = {isa = PBXBuildFile; fileRef = 02271169285CAA7D0049BECA /* SceneDelegate.swift */; };
		0227116C285CAA7D0049BECA /* HomeViewController.swift in Sources */ = {isa = PBXBuildFile; fileRef = 0227116B285CAA7D0049BECA /* HomeViewController.swift */; };
		0227116F285CAA7D0049BECA /* Main.storyboard in Resources */ = {isa = PBXBuildFile; fileRef = 0227116D285CAA7D0049BECA /* Main.storyboard */; };
		02271171285CAA7F0049BECA /* Assets.xcassets in Resources */ = {isa = PBXBuildFile; fileRef = 02271170285CAA7F0049BECA /* Assets.xcassets */; };
		02271174285CAA7F0049BECA /* LaunchScreen.storyboard in Resources */ = {isa = PBXBuildFile; fileRef = 02271172285CAA7F0049BECA /* LaunchScreen.storyboard */; };
		0227117C285CB0FE0049BECA /* HomeTableViewCell.swift in Sources */ = {isa = PBXBuildFile; fileRef = 0227117B285CB0FE0049BECA /* HomeTableViewCell.swift */; };
		0227117E285CBA5F0049BECA /* NewNoteViewController.swift in Sources */ = {isa = PBXBuildFile; fileRef = 0227117D285CBA5F0049BECA /* NewNoteViewController.swift */; };
		02271180285CBF7F0049BECA /* Note.swift in Sources */ = {isa = PBXBuildFile; fileRef = 0227117F285CBF7F0049BECA /* Note.swift */; };
/* End PBXBuildFile section */

/* Begin PBXFileReference section */
		02271164285CAA7D0049BECA /* Consolidation 19-21 notesApp.app */ = {isa = PBXFileReference; explicitFileType = wrapper.application; includeInIndex = 0; path = "Consolidation 19-21 notesApp.app"; sourceTree = BUILT_PRODUCTS_DIR; };
		02271167285CAA7D0049BECA /* AppDelegate.swift */ = {isa = PBXFileReference; lastKnownFileType = sourcecode.swift; path = AppDelegate.swift; sourceTree = "<group>"; };
		02271169285CAA7D0049BECA /* SceneDelegate.swift */ = {isa = PBXFileReference; lastKnownFileType = sourcecode.swift; path = SceneDelegate.swift; sourceTree = "<group>"; };
		0227116B285CAA7D0049BECA /* HomeViewController.swift */ = {isa = PBXFileReference; lastKnownFileType = sourcecode.swift; path = HomeViewController.swift; sourceTree = "<group>"; };
		0227116E285CAA7D0049BECA /* Base */ = {isa = PBXFileReference; lastKnownFileType = file.storyboard; name = Base; path = Base.lproj/Main.storyboard; sourceTree = "<group>"; };
		02271170285CAA7F0049BECA /* Assets.xcassets */ = {isa = PBXFileReference; lastKnownFileType = folder.assetcatalog; path = Assets.xcassets; sourceTree = "<group>"; };
		02271173285CAA7F0049BECA /* Base */ = {isa = PBXFileReference; lastKnownFileType = file.storyboard; name = Base; path = Base.lproj/LaunchScreen.storyboard; sourceTree = "<group>"; };
		02271175285CAA7F0049BECA /* Info.plist */ = {isa = PBXFileReference; lastKnownFileType = text.plist.xml; path = Info.plist; sourceTree = "<group>"; };
		0227117B285CB0FE0049BECA /* HomeTableViewCell.swift */ = {isa = PBXFileReference; lastKnownFileType = sourcecode.swift; path = HomeTableViewCell.swift; sourceTree = "<group>"; };
		0227117D285CBA5F0049BECA /* NewNoteViewController.swift */ = {isa = PBXFileReference; lastKnownFileType = sourcecode.swift; path = NewNoteViewController.swift; sourceTree = "<group>"; };
		0227117F285CBF7F0049BECA /* Note.swift */ = {isa = PBXFileReference; lastKnownFileType = sourcecode.swift; path = Note.swift; sourceTree = "<group>"; };
/* End PBXFileReference section */

/* Begin PBXFrameworksBuildPhase section */
		02271161285CAA7D0049BECA /* Frameworks */ = {
			isa = PBXFrameworksBuildPhase;
			buildActionMask = 2147483647;
			files = (
			);
			runOnlyForDeploymentPostprocessing = 0;
		};
/* End PBXFrameworksBuildPhase section */

/* Begin PBXGroup section */
		0227115B285CAA7D0049BECA = {
			isa = PBXGroup;
			children = (
				02271166285CAA7D0049BECA /* Consolidation 19-21 notesApp */,
				02271165285CAA7D0049BECA /* Products */,
			);
			sourceTree = "<group>";
		};
		02271165285CAA7D0049BECA /* Products */ = {
			isa = PBXGroup;
			children = (
				02271164285CAA7D0049BECA /* Consolidation 19-21 notesApp.app */,
			);
			name = Products;
			sourceTree = "<group>";
		};
		02271166285CAA7D0049BECA /* Consolidation 19-21 notesApp */ = {
			isa = PBXGroup;
			children = (
				02271167285CAA7D0049BECA /* AppDelegate.swift */,
				02271169285CAA7D0049BECA /* SceneDelegate.swift */,
				0227117F285CBF7F0049BECA /* Note.swift */,
				0227117B285CB0FE0049BECA /* HomeTableViewCell.swift */,
				0227116B285CAA7D0049BECA /* HomeViewController.swift */,
				0227117D285CBA5F0049BECA /* NewNoteViewController.swift */,
				0227116D285CAA7D0049BECA /* Main.storyboard */,
				02271170285CAA7F0049BECA /* Assets.xcassets */,
				02271172285CAA7F0049BECA /* LaunchScreen.storyboard */,
				02271175285CAA7F0049BECA /* Info.plist */,
			);
			path = "Consolidation 19-21 notesApp";
			sourceTree = "<group>";
		};
/* End PBXGroup section */

/* Begin PBXNativeTarget section */
		02271163285CAA7D0049BECA /* Consolidation 19-21 notesApp */ = {
			isa = PBXNativeTarget;
			buildConfigurationList = 02271178285CAA7F0049BECA /* Build configuration list for PBXNativeTarget "Consolidation 19-21 notesApp" */;
			buildPhases = (
				02271160285CAA7D0049BECA /* Sources */,
				02271161285CAA7D0049BECA /* Frameworks */,
				02271162285CAA7D0049BECA /* Resources */,
			);
			buildRules = (
			);
			dependencies = (
			);
			name = "Consolidation 19-21 notesApp";
			productName = "Consolidation 19-21 notesApp";
			productReference = 02271164285CAA7D0049BECA /* Consolidation 19-21 notesApp.app */;
			productType = "com.apple.product-type.application";
		};
/* End PBXNativeTarget section */

/* Begin PBXProject section */
		0227115C285CAA7D0049BECA /* Project object */ = {
			isa = PBXProject;
			attributes = {
				BuildIndependentTargetsInParallel = 1;
				LastSwiftUpdateCheck = 1330;
				LastUpgradeCheck = 1330;
				TargetAttributes = {
					02271163285CAA7D0049BECA = {
						CreatedOnToolsVersion = 13.3;
					};
				};
			};
			buildConfigurationList = 0227115F285CAA7D0049BECA /* Build configuration list for PBXProject "Consolidation 19-21 notesApp" */;
			compatibilityVersion = "Xcode 13.0";
			developmentRegion = en;
			hasScannedForEncodings = 0;
			knownRegions = (
				en,
				Base,
			);
			mainGroup = 0227115B285CAA7D0049BECA;
			productRefGroup = 02271165285CAA7D0049BECA /* Products */;
			projectDirPath = "";
			projectRoot = "";
			targets = (
				02271163285CAA7D0049BECA /* Consolidation 19-21 notesApp */,
			);
		};
/* End PBXProject section */

/* Begin PBXResourcesBuildPhase section */
		02271162285CAA7D0049BECA /* Resources */ = {
			isa = PBXResourcesBuildPhase;
			buildActionMask = 2147483647;
			files = (
				02271174285CAA7F0049BECA /* LaunchScreen.storyboard in Resources */,
				02271171285CAA7F0049BECA /* Assets.xcassets in Resources */,
				0227116F285CAA7D0049BECA /* Main.storyboard in Resources */,
			);
			runOnlyForDeploymentPostprocessing = 0;
		};
/* End PBXResourcesBuildPhase section */

/* Begin PBXSourcesBuildPhase section */
		02271160285CAA7D0049BECA /* Sources */ = {
			isa = PBXSourcesBuildPhase;
			buildActionMask = 2147483647;
			files = (
				0227117E285CBA5F0049BECA /* NewNoteViewController.swift in Sources */,
				0227116C285CAA7D0049BECA /* HomeViewController.swift in Sources */,
				02271168285CAA7D0049BECA /* AppDelegate.swift in Sources */,
				0227117C285CB0FE0049BECA /* HomeTableViewCell.swift in Sources */,
				0227116A285CAA7D0049BECA /* SceneDelegate.swift in Sources */,
				02271180285CBF7F0049BECA /* Note.swift in Sources */,
			);
			runOnlyForDeploymentPostprocessing = 0;
		};
/* End PBXSourcesBuildPhase section */

/* Begin PBXVariantGroup section */
		0227116D285CAA7D0049BECA /* Main.storyboard */ = {
			isa = PBXVariantGroup;
			children = (
				0227116E285CAA7D0049BECA /* Base */,
			);
			name = Main.storyboard;
			sourceTree = "<group>";
		};
		02271172285CAA7F0049BECA /* LaunchScreen.storyboard */ = {
			isa = PBXVariantGroup;
			children = (
				02271173285CAA7F0049BECA /* Base */,
			);
			name = LaunchScreen.storyboard;
			sourceTree = "<group>";
		};
/* End PBXVariantGroup section */

/* Begin XCBuildConfiguration section */
		02271176285CAA7F0049BECA /* Debug */ = {
			isa = XCBuildConfiguration;
			buildSettings = {
				ALWAYS_SEARCH_USER_PATHS = NO;
				CLANG_ANALYZER_NONNULL = YES;
				CLANG_ANALYZER_NUMBER_OBJECT_CONVERSION = YES_AGGRESSIVE;
				CLANG_CXX_LANGUAGE_STANDARD = "gnu++17";
				CLANG_ENABLE_MODULES = YES;
				CLANG_ENABLE_OBJC_ARC = YES;
				CLANG_ENABLE_OBJC_WEAK = YES;
				CLANG_WARN_BLOCK_CAPTURE_AUTORELEASING = YES;
				CLANG_WARN_BOOL_CONVERSION = YES;
				CLANG_WARN_COMMA = YES;
				CLANG_WARN_CONSTANT_CONVERSION = YES;
				CLANG_WARN_DEPRECATED_OBJC_IMPLEMENTATIONS = YES;
				CLANG_WARN_DIRECT_OBJC_ISA_USAGE = YES_ERROR;
				CLANG_WARN_DOCUMENTATION_COMMENTS = YES;
				CLANG_WARN_EMPTY_BODY = YES;
				CLANG_WARN_ENUM_CONVERSION = YES;
				CLANG_WARN_INFINITE_RECURSION = YES;
				CLANG_WARN_INT_CONVERSION = YES;
				CLANG_WARN_NON_LITERAL_NULL_CONVERSION = YES;
				CLANG_WARN_OBJC_IMPLICIT_RETAIN_SELF = YES;
				CLANG_WARN_OBJC_LITERAL_CONVERSION = YES;
				CLANG_WARN_OBJC_ROOT_CLASS = YES_ERROR;
				CLANG_WARN_QUOTED_INCLUDE_IN_FRAMEWORK_HEADER = YES;
				CLANG_WARN_RANGE_LOOP_ANALYSIS = YES;
				CLANG_WARN_STRICT_PROTOTYPES = YES;
				CLANG_WARN_SUSPICIOUS_MOVE = YES;
				CLANG_WARN_UNGUARDED_AVAILABILITY = YES_AGGRESSIVE;
				CLANG_WARN_UNREACHABLE_CODE = YES;
				CLANG_WARN__DUPLICATE_METHOD_MATCH = YES;
				COPY_PHASE_STRIP = NO;
				DEBUG_INFORMATION_FORMAT = dwarf;
				ENABLE_STRICT_OBJC_MSGSEND = YES;
				ENABLE_TESTABILITY = YES;
				GCC_C_LANGUAGE_STANDARD = gnu11;
				GCC_DYNAMIC_NO_PIC = NO;
				GCC_NO_COMMON_BLOCKS = YES;
				GCC_OPTIMIZATION_LEVEL = 0;
				GCC_PREPROCESSOR_DEFINITIONS = (
					"DEBUG=1",
					"$(inherited)",
				);
				GCC_WARN_64_TO_32_BIT_CONVERSION = YES;
				GCC_WARN_ABOUT_RETURN_TYPE = YES_ERROR;
				GCC_WARN_UNDECLARED_SELECTOR = YES;
				GCC_WARN_UNINITIALIZED_AUTOS = YES_AGGRESSIVE;
				GCC_WARN_UNUSED_FUNCTION = YES;
				GCC_WARN_UNUSED_VARIABLE = YES;
				IPHONEOS_DEPLOYMENT_TARGET = 15.4;
				MTL_ENABLE_DEBUG_INFO = INCLUDE_SOURCE;
				MTL_FAST_MATH = YES;
				ONLY_ACTIVE_ARCH = YES;
				SDKROOT = iphoneos;
				SWIFT_ACTIVE_COMPILATION_CONDITIONS = DEBUG;
				SWIFT_OPTIMIZATION_LEVEL = "-Onone";
			};
			name = Debug;
		};
		02271177285CAA7F0049BECA /* Release */ = {
			isa = XCBuildConfiguration;
			buildSettings = {
				ALWAYS_SEARCH_USER_PATHS = NO;
				CLANG_ANALYZER_NONNULL = YES;
				CLANG_ANALYZER_NUMBER_OBJECT_CONVERSION = YES_AGGRESSIVE;
				CLANG_CXX_LANGUAGE_STANDARD = "gnu++17";
				CLANG_ENABLE_MODULES = YES;
				CLANG_ENABLE_OBJC_ARC = YES;
				CLANG_ENABLE_OBJC_WEAK = YES;
				CLANG_WARN_BLOCK_CAPTURE_AUTORELEASING = YES;
				CLANG_WARN_BOOL_CONVERSION = YES;
				CLANG_WARN_COMMA = YES;
				CLANG_WARN_CONSTANT_CONVERSION = YES;
				CLANG_WARN_DEPRECATED_OBJC_IMPLEMENTATIONS = YES;
				CLANG_WARN_DIRECT_OBJC_ISA_USAGE = YES_ERROR;
				CLANG_WARN_DOCUMENTATION_COMMENTS = YES;
				CLANG_WARN_EMPTY_BODY = YES;
				CLANG_WARN_ENUM_CONVERSION = YES;
				CLANG_WARN_INFINITE_RECURSION = YES;
				CLANG_WARN_INT_CONVERSION = YES;
				CLANG_WARN_NON_LITERAL_NULL_CONVERSION = YES;
				CLANG_WARN_OBJC_IMPLICIT_RETAIN_SELF = YES;
				CLANG_WARN_OBJC_LITERAL_CONVERSION = YES;
				CLANG_WARN_OBJC_ROOT_CLASS = YES_ERROR;
				CLANG_WARN_QUOTED_INCLUDE_IN_FRAMEWORK_HEADER = YES;
				CLANG_WARN_RANGE_LOOP_ANALYSIS = YES;
				CLANG_WARN_STRICT_PROTOTYPES = YES;
				CLANG_WARN_SUSPICIOUS_MOVE = YES;
				CLANG_WARN_UNGUARDED_AVAILABILITY = YES_AGGRESSIVE;
				CLANG_WARN_UNREACHABLE_CODE = YES;
				CLANG_WARN__DUPLICATE_METHOD_MATCH = YES;
				COPY_PHASE_STRIP = NO;
				DEBUG_INFORMATION_FORMAT = "dwarf-with-dsym";
				ENABLE_NS_ASSERTIONS = NO;
				ENABLE_STRICT_OBJC_MSGSEND = YES;
				GCC_C_LANGUAGE_STANDARD = gnu11;
				GCC_NO_COMMON_BLOCKS = YES;
				GCC_WARN_64_TO_32_BIT_CONVERSION = YES;
				GCC_WARN_ABOUT_RETURN_TYPE = YES_ERROR;
				GCC_WARN_UNDECLARED_SELECTOR = YES;
				GCC_WARN_UNINITIALIZED_AUTOS = YES_AGGRESSIVE;
				GCC_WARN_UNUSED_FUNCTION = YES;
				GCC_WARN_UNUSED_VARIABLE = YES;
				IPHONEOS_DEPLOYMENT_TARGET = 15.4;
				MTL_ENABLE_DEBUG_INFO = NO;
				MTL_FAST_MATH = YES;
				SDKROOT = iphoneos;
				SWIFT_COMPILATION_MODE = wholemodule;
				SWIFT_OPTIMIZATION_LEVEL = "-O";
				VALIDATE_PRODUCT = YES;
			};
			name = Release;
		};
		02271179285CAA7F0049BECA /* Debug */ = {
			isa = XCBuildConfiguration;
			buildSettings = {
				ASSETCATALOG_COMPILER_APPICON_NAME = AppIcon;
				ASSETCATALOG_COMPILER_GLOBAL_ACCENT_COLOR_NAME = AccentColor;
				CODE_SIGN_STYLE = Automatic;
				CURRENT_PROJECT_VERSION = 1;
				DEVELOPMENT_TEAM = JC32LMHAY4;
				GENERATE_INFOPLIST_FILE = YES;
				INFOPLIST_FILE = "Consolidation 19-21 notesApp/Info.plist";
				INFOPLIST_KEY_UIApplicationSupportsIndirectInputEvents = YES;
				INFOPLIST_KEY_UILaunchStoryboardName = LaunchScreen;
				INFOPLIST_KEY_UIMainStoryboardFile = Main;
				INFOPLIST_KEY_UISupportedInterfaceOrientations_iPad = "UIInterfaceOrientationPortrait UIInterfaceOrientationPortraitUpsideDown UIInterfaceOrientationLandscapeLeft UIInterfaceOrientationLandscapeRight";
				INFOPLIST_KEY_UISupportedInterfaceOrientations_iPhone = "UIInterfaceOrientationPortrait UIInterfaceOrientationLandscapeLeft UIInterfaceOrientationLandscapeRight";
				LD_RUNPATH_SEARCH_PATHS = (
					"$(inherited)",
					"@executable_path/Frameworks",
				);
				MARKETING_VERSION = 1.0;
				PRODUCT_BUNDLE_IDENTIFIER = "PetProject.Consolidation-19-21-notesApp";
				PRODUCT_NAME = "$(TARGET_NAME)";
				SWIFT_EMIT_LOC_STRINGS = YES;
				SWIFT_VERSION = 5.0;
				TARGETED_DEVICE_FAMILY = "1,2";
			};
			name = Debug;
		};
		0227117A285CAA7F0049BECA /* Release */ = {
			isa = XCBuildConfiguration;
			buildSettings = {
				ASSETCATALOG_COMPILER_APPICON_NAME = AppIcon;
				ASSETCATALOG_COMPILER_GLOBAL_ACCENT_COLOR_NAME = AccentColor;
				CODE_SIGN_STYLE = Automatic;
				CURRENT_PROJECT_VERSION = 1;
				DEVELOPMENT_TEAM = JC32LMHAY4;
				GENERATE_INFOPLIST_FILE = YES;
				INFOPLIST_FILE = "Consolidation 19-21 notesApp/Info.plist";
				INFOPLIST_KEY_UIApplicationSupportsIndirectInputEvents = YES;
				INFOPLIST_KEY_UILaunchStoryboardName = LaunchScreen;
				INFOPLIST_KEY_UIMainStoryboardFile = Main;
				INFOPLIST_KEY_UISupportedInterfaceOrientations_iPad = "UIInterfaceOrientationPortrait UIInterfaceOrientationPortraitUpsideDown UIInterfaceOrientationLandscapeLeft UIInterfaceOrientationLandscapeRight";
				INFOPLIST_KEY_UISupportedInterfaceOrientations_iPhone = "UIInterfaceOrientationPortrait UIInterfaceOrientationLandscapeLeft UIInterfaceOrientationLandscapeRight";
				LD_RUNPATH_SEARCH_PATHS = (
					"$(inherited)",
					"@executable_path/Frameworks",
				);
				MARKETING_VERSION = 1.0;
				PRODUCT_BUNDLE_IDENTIFIER = "PetProject.Consolidation-19-21-notesApp";
				PRODUCT_NAME = "$(TARGET_NAME)";
				SWIFT_EMIT_LOC_STRINGS = YES;
				SWIFT_VERSION = 5.0;
				TARGETED_DEVICE_FAMILY = "1,2";
			};
			name = Release;
		};
/* End XCBuildConfiguration section */

/* Begin XCConfigurationList section */
		0227115F285CAA7D0049BECA /* Build configuration list for PBXProject "Consolidation 19-21 notesApp" */ = {
			isa = XCConfigurationList;
			buildConfigurations = (
				02271176285CAA7F0049BECA /* Debug */,
				02271177285CAA7F0049BECA /* Release */,
			);
			defaultConfigurationIsVisible = 0;
			defaultConfigurationName = Release;
		};
		02271178285CAA7F0049BECA /* Build configuration list for PBXNativeTarget "Consolidation 19-21 notesApp" */ = {
			isa = XCConfigurationList;
			buildConfigurations = (
				02271179285CAA7F0049BECA /* Debug */,
				0227117A285CAA7F0049BECA /* Release */,
			);
			defaultConfigurationIsVisible = 0;
			defaultConfigurationName = Release;
		};
/* End XCConfigurationList section */
	};
	rootObject = 0227115C285CAA7D0049BECA /* Project object */;
}
