// !$*UTF8*$!
{
	archiveVersion = 1;
	classes = {
	};
	objectVersion = 55;
	objects = {

/* Begin PBXBuildFile section */
		024EB8D02876D90F00291BCB /* AppDelegate.swift in Sources */ = {isa = PBXBuildFile; fileRef = 024EB8CF2876D90F00291BCB /* AppDelegate.swift */; };
		024EB8D22876D90F00291BCB /* GameScene.sks in Resources */ = {isa = PBXBuildFile; fileRef = 024EB8D12876D90F00291BCB /* GameScene.sks */; };
		024EB8D62876D90F00291BCB /* GameScene.swift in Sources */ = {isa = PBXBuildFile; fileRef = 024EB8D52876D90F00291BCB /* GameScene.swift */; };
		024EB8D82876D90F00291BCB /* GameViewController.swift in Sources */ = {isa = PBXBuildFile; fileRef = 024EB8D72876D90F00291BCB /* GameViewController.swift */; };
		024EB8DB2876D90F00291BCB /* Main.storyboard in Resources */ = {isa = PBXBuildFile; fileRef = 024EB8D92876D90F00291BCB /* Main.storyboard */; };
		024EB8DD2876D91100291BCB /* Assets.xcassets in Resources */ = {isa = PBXBuildFile; fileRef = 024EB8DC2876D91100291BCB /* Assets.xcassets */; };
		024EB8E02876D91100291BCB /* LaunchScreen.storyboard in Resources */ = {isa = PBXBuildFile; fileRef = 024EB8DE2876D91100291BCB /* LaunchScreen.storyboard */; };
		024EB8E72876E11900291BCB /* BuildingNode.swift in Sources */ = {isa = PBXBuildFile; fileRef = 024EB8E62876E11900291BCB /* BuildingNode.swift */; };
		02A2BD2E287706CD00B894D9 /* hitBuilding.sks in Resources */ = {isa = PBXBuildFile; fileRef = 02A2BD2C287706CD00B894D9 /* hitBuilding.sks */; };
		02A2BD2F287706CD00B894D9 /* hitPlayer.sks in Resources */ = {isa = PBXBuildFile; fileRef = 02A2BD2D287706CD00B894D9 /* hitPlayer.sks */; };
/* End PBXBuildFile section */

/* Begin PBXFileReference section */
		024EB8CC2876D90F00291BCB /* Project 29 gorillaz.app */ = {isa = PBXFileReference; explicitFileType = wrapper.application; includeInIndex = 0; path = "Project 29 gorillaz.app"; sourceTree = BUILT_PRODUCTS_DIR; };
		024EB8CF2876D90F00291BCB /* AppDelegate.swift */ = {isa = PBXFileReference; lastKnownFileType = sourcecode.swift; path = AppDelegate.swift; sourceTree = "<group>"; };
		024EB8D12876D90F00291BCB /* GameScene.sks */ = {isa = PBXFileReference; lastKnownFileType = file.sks; path = GameScene.sks; sourceTree = "<group>"; };
		024EB8D52876D90F00291BCB /* GameScene.swift */ = {isa = PBXFileReference; lastKnownFileType = sourcecode.swift; path = GameScene.swift; sourceTree = "<group>"; };
		024EB8D72876D90F00291BCB /* GameViewController.swift */ = {isa = PBXFileReference; lastKnownFileType = sourcecode.swift; path = GameViewController.swift; sourceTree = "<group>"; };
		024EB8DA2876D90F00291BCB /* Base */ = {isa = PBXFileReference; lastKnownFileType = file.storyboard; name = Base; path = Base.lproj/Main.storyboard; sourceTree = "<group>"; };
		024EB8DC2876D91100291BCB /* Assets.xcassets */ = {isa = PBXFileReference; lastKnownFileType = folder.assetcatalog; path = Assets.xcassets; sourceTree = "<group>"; };
		024EB8DF2876D91100291BCB /* Base */ = {isa = PBXFileReference; lastKnownFileType = file.storyboard; name = Base; path = Base.lproj/LaunchScreen.storyboard; sourceTree = "<group>"; };
		024EB8E62876E11900291BCB /* BuildingNode.swift */ = {isa = PBXFileReference; lastKnownFileType = sourcecode.swift; path = BuildingNode.swift; sourceTree = "<group>"; };
		02A2BD2C287706CD00B894D9 /* hitBuilding.sks */ = {isa = PBXFileReference; lastKnownFileType = file.sks; path = hitBuilding.sks; sourceTree = "<group>"; };
		02A2BD2D287706CD00B894D9 /* hitPlayer.sks */ = {isa = PBXFileReference; lastKnownFileType = file.sks; path = hitPlayer.sks; sourceTree = "<group>"; };
/* End PBXFileReference section */

/* Begin PBXFrameworksBuildPhase section */
		024EB8C92876D90F00291BCB /* Frameworks */ = {
			isa = PBXFrameworksBuildPhase;
			buildActionMask = 2147483647;
			files = (
			);
			runOnlyForDeploymentPostprocessing = 0;
		};
/* End PBXFrameworksBuildPhase section */

/* Begin PBXGroup section */
		024EB8C32876D90F00291BCB = {
			isa = PBXGroup;
			children = (
				024EB8CE2876D90F00291BCB /* Project 29 gorillaz */,
				024EB8CD2876D90F00291BCB /* Products */,
			);
			sourceTree = "<group>";
		};
		024EB8CD2876D90F00291BCB /* Products */ = {
			isa = PBXGroup;
			children = (
				024EB8CC2876D90F00291BCB /* Project 29 gorillaz.app */,
			);
			name = Products;
			sourceTree = "<group>";
		};
		024EB8CE2876D90F00291BCB /* Project 29 gorillaz */ = {
			isa = PBXGroup;
			children = (
				024EB8CF2876D90F00291BCB /* AppDelegate.swift */,
				024EB8D12876D90F00291BCB /* GameScene.sks */,
				024EB8E62876E11900291BCB /* BuildingNode.swift */,
				024EB8D52876D90F00291BCB /* GameScene.swift */,
				024EB8D72876D90F00291BCB /* GameViewController.swift */,
				024EB8D92876D90F00291BCB /* Main.storyboard */,
				024EB8DC2876D91100291BCB /* Assets.xcassets */,
				024EB8DE2876D91100291BCB /* LaunchScreen.storyboard */,
				02A2BD2C287706CD00B894D9 /* hitBuilding.sks */,
				02A2BD2D287706CD00B894D9 /* hitPlayer.sks */,
			);
			path = "Project 29 gorillaz";
			sourceTree = "<group>";
		};
/* End PBXGroup section */

/* Begin PBXNativeTarget section */
		024EB8CB2876D90F00291BCB /* Project 29 gorillaz */ = {
			isa = PBXNativeTarget;
			buildConfigurationList = 024EB8E32876D91100291BCB /* Build configuration list for PBXNativeTarget "Project 29 gorillaz" */;
			buildPhases = (
				024EB8C82876D90F00291BCB /* Sources */,
				024EB8C92876D90F00291BCB /* Frameworks */,
				024EB8CA2876D90F00291BCB /* Resources */,
			);
			buildRules = (
			);
			dependencies = (
			);
			name = "Project 29 gorillaz";
			productName = "Project 29 gorillaz";
			productReference = 024EB8CC2876D90F00291BCB /* Project 29 gorillaz.app */;
			productType = "com.apple.product-type.application";
		};
/* End PBXNativeTarget section */

/* Begin PBXProject section */
		024EB8C42876D90F00291BCB /* Project object */ = {
			isa = PBXProject;
			attributes = {
				BuildIndependentTargetsInParallel = 1;
				LastSwiftUpdateCheck = 1330;
				LastUpgradeCheck = 1330;
				TargetAttributes = {
					024EB8CB2876D90F00291BCB = {
						CreatedOnToolsVersion = 13.3;
					};
				};
			};
			buildConfigurationList = 024EB8C72876D90F00291BCB /* Build configuration list for PBXProject "Project 29 gorillaz" */;
			compatibilityVersion = "Xcode 13.0";
			developmentRegion = en;
			hasScannedForEncodings = 0;
			knownRegions = (
				en,
				Base,
			);
			mainGroup = 024EB8C32876D90F00291BCB;
			productRefGroup = 024EB8CD2876D90F00291BCB /* Products */;
			projectDirPath = "";
			projectRoot = "";
			targets = (
				024EB8CB2876D90F00291BCB /* Project 29 gorillaz */,
			);
		};
/* End PBXProject section */

/* Begin PBXResourcesBuildPhase section */
		024EB8CA2876D90F00291BCB /* Resources */ = {
			isa = PBXResourcesBuildPhase;
			buildActionMask = 2147483647;
			files = (
				024EB8DB2876D90F00291BCB /* Main.storyboard in Resources */,
				02A2BD2E287706CD00B894D9 /* hitBuilding.sks in Resources */,
				02A2BD2F287706CD00B894D9 /* hitPlayer.sks in Resources */,
				024EB8D22876D90F00291BCB /* GameScene.sks in Resources */,
				024EB8DD2876D91100291BCB /* Assets.xcassets in Resources */,
				024EB8E02876D91100291BCB /* LaunchScreen.storyboard in Resources */,
			);
			runOnlyForDeploymentPostprocessing = 0;
		};
/* End PBXResourcesBuildPhase section */

/* Begin PBXSourcesBuildPhase section */
		024EB8C82876D90F00291BCB /* Sources */ = {
			isa = PBXSourcesBuildPhase;
			buildActionMask = 2147483647;
			files = (
				024EB8D62876D90F00291BCB /* GameScene.swift in Sources */,
				024EB8E72876E11900291BCB /* BuildingNode.swift in Sources */,
				024EB8D82876D90F00291BCB /* GameViewController.swift in Sources */,
				024EB8D02876D90F00291BCB /* AppDelegate.swift in Sources */,
			);
			runOnlyForDeploymentPostprocessing = 0;
		};
/* End PBXSourcesBuildPhase section */

/* Begin PBXVariantGroup section */
		024EB8D92876D90F00291BCB /* Main.storyboard */ = {
			isa = PBXVariantGroup;
			children = (
				024EB8DA2876D90F00291BCB /* Base */,
			);
			name = Main.storyboard;
			sourceTree = "<group>";
		};
		024EB8DE2876D91100291BCB /* LaunchScreen.storyboard */ = {
			isa = PBXVariantGroup;
			children = (
				024EB8DF2876D91100291BCB /* Base */,
			);
			name = LaunchScreen.storyboard;
			sourceTree = "<group>";
		};
/* End PBXVariantGroup section */

/* Begin XCBuildConfiguration section */
		024EB8E12876D91100291BCB /* Debug */ = {
			isa = XCBuildConfiguration;
			buildSettings = {
				ALWAYS_SEARCH_USER_PATHS = NO;
				CLANG_ANALYZER_NONNULL = YES;
				CLANG_ANALYZER_NUMBER_OBJECT_CONVERSION = YES_AGGRESSIVE;
				CLANG_CXX_LANGUAGE_STANDARD = "gnu++17";
				CLANG_ENABLE_MODULES = YES;
				CLANG_ENABLE_OBJC_ARC = YES;
				CLANG_ENABLE_OBJC_WEAK = YES;
				CLANG_WARN_BLOCK_CAPTURE_AUTORELEASING = YES;
				CLANG_WARN_BOOL_CONVERSION = YES;
				CLANG_WARN_COMMA = YES;
				CLANG_WARN_CONSTANT_CONVERSION = YES;
				CLANG_WARN_DEPRECATED_OBJC_IMPLEMENTATIONS = YES;
				CLANG_WARN_DIRECT_OBJC_ISA_USAGE = YES_ERROR;
				CLANG_WARN_DOCUMENTATION_COMMENTS = YES;
				CLANG_WARN_EMPTY_BODY = YES;
				CLANG_WARN_ENUM_CONVERSION = YES;
				CLANG_WARN_INFINITE_RECURSION = YES;
				CLANG_WARN_INT_CONVERSION = YES;
				CLANG_WARN_NON_LITERAL_NULL_CONVERSION = YES;
				CLANG_WARN_OBJC_IMPLICIT_RETAIN_SELF = YES;
				CLANG_WARN_OBJC_LITERAL_CONVERSION = YES;
				CLANG_WARN_OBJC_ROOT_CLASS = YES_ERROR;
				CLANG_WARN_QUOTED_INCLUDE_IN_FRAMEWORK_HEADER = YES;
				CLANG_WARN_RANGE_LOOP_ANALYSIS = YES;
				CLANG_WARN_STRICT_PROTOTYPES = YES;
				CLANG_WARN_SUSPICIOUS_MOVE = YES;
				CLANG_WARN_UNGUARDED_AVAILABILITY = YES_AGGRESSIVE;
				CLANG_WARN_UNREACHABLE_CODE = YES;
				CLANG_WARN__DUPLICATE_METHOD_MATCH = YES;
				COPY_PHASE_STRIP = NO;
				DEBUG_INFORMATION_FORMAT = dwarf;
				ENABLE_STRICT_OBJC_MSGSEND = YES;
				ENABLE_TESTABILITY = YES;
				GCC_C_LANGUAGE_STANDARD = gnu11;
				GCC_DYNAMIC_NO_PIC = NO;
				GCC_NO_COMMON_BLOCKS = YES;
				GCC_OPTIMIZATION_LEVEL = 0;
				GCC_PREPROCESSOR_DEFINITIONS = (
					"DEBUG=1",
					"$(inherited)",
				);
				GCC_WARN_64_TO_32_BIT_CONVERSION = YES;
				GCC_WARN_ABOUT_RETURN_TYPE = YES_ERROR;
				GCC_WARN_UNDECLARED_SELECTOR = YES;
				GCC_WARN_UNINITIALIZED_AUTOS = YES_AGGRESSIVE;
				GCC_WARN_UNUSED_FUNCTION = YES;
				GCC_WARN_UNUSED_VARIABLE = YES;
				IPHONEOS_DEPLOYMENT_TARGET = 15.4;
				MTL_ENABLE_DEBUG_INFO = INCLUDE_SOURCE;
				MTL_FAST_MATH = YES;
				ONLY_ACTIVE_ARCH = YES;
				SDKROOT = iphoneos;
				SWIFT_ACTIVE_COMPILATION_CONDITIONS = DEBUG;
				SWIFT_OPTIMIZATION_LEVEL = "-Onone";
			};
			name = Debug;
		};
		024EB8E22876D91100291BCB /* Release */ = {
			isa = XCBuildConfiguration;
			buildSettings = {
				ALWAYS_SEARCH_USER_PATHS = NO;
				CLANG_ANALYZER_NONNULL = YES;
				CLANG_ANALYZER_NUMBER_OBJECT_CONVERSION = YES_AGGRESSIVE;
				CLANG_CXX_LANGUAGE_STANDARD = "gnu++17";
				CLANG_ENABLE_MODULES = YES;
				CLANG_ENABLE_OBJC_ARC = YES;
				CLANG_ENABLE_OBJC_WEAK = YES;
				CLANG_WARN_BLOCK_CAPTURE_AUTORELEASING = YES;
				CLANG_WARN_BOOL_CONVERSION = YES;
				CLANG_WARN_COMMA = YES;
				CLANG_WARN_CONSTANT_CONVERSION = YES;
				CLANG_WARN_DEPRECATED_OBJC_IMPLEMENTATIONS = YES;
				CLANG_WARN_DIRECT_OBJC_ISA_USAGE = YES_ERROR;
				CLANG_WARN_DOCUMENTATION_COMMENTS = YES;
				CLANG_WARN_EMPTY_BODY = YES;
				CLANG_WARN_ENUM_CONVERSION = YES;
				CLANG_WARN_INFINITE_RECURSION = YES;
				CLANG_WARN_INT_CONVERSION = YES;
				CLANG_WARN_NON_LITERAL_NULL_CONVERSION = YES;
				CLANG_WARN_OBJC_IMPLICIT_RETAIN_SELF = YES;
				CLANG_WARN_OBJC_LITERAL_CONVERSION = YES;
				CLANG_WARN_OBJC_ROOT_CLASS = YES_ERROR;
				CLANG_WARN_QUOTED_INCLUDE_IN_FRAMEWORK_HEADER = YES;
				CLANG_WARN_RANGE_LOOP_ANALYSIS = YES;
				CLANG_WARN_STRICT_PROTOTYPES = YES;
				CLANG_WARN_SUSPICIOUS_MOVE = YES;
				CLANG_WARN_UNGUARDED_AVAILABILITY = YES_AGGRESSIVE;
				CLANG_WARN_UNREACHABLE_CODE = YES;
				CLANG_WARN__DUPLICATE_METHOD_MATCH = YES;
				COPY_PHASE_STRIP = NO;
				DEBUG_INFORMATION_FORMAT = "dwarf-with-dsym";
				ENABLE_NS_ASSERTIONS = NO;
				ENABLE_STRICT_OBJC_MSGSEND = YES;
				GCC_C_LANGUAGE_STANDARD = gnu11;
				GCC_NO_COMMON_BLOCKS = YES;
				GCC_WARN_64_TO_32_BIT_CONVERSION = YES;
				GCC_WARN_ABOUT_RETURN_TYPE = YES_ERROR;
				GCC_WARN_UNDECLARED_SELECTOR = YES;
				GCC_WARN_UNINITIALIZED_AUTOS = YES_AGGRESSIVE;
				GCC_WARN_UNUSED_FUNCTION = YES;
				GCC_WARN_UNUSED_VARIABLE = YES;
				IPHONEOS_DEPLOYMENT_TARGET = 15.4;
				MTL_ENABLE_DEBUG_INFO = NO;
				MTL_FAST_MATH = YES;
				SDKROOT = iphoneos;
				SWIFT_COMPILATION_MODE = wholemodule;
				SWIFT_OPTIMIZATION_LEVEL = "-O";
				VALIDATE_PRODUCT = YES;
			};
			name = Release;
		};
		024EB8E42876D91100291BCB /* Debug */ = {
			isa = XCBuildConfiguration;
			buildSettings = {
				ASSETCATALOG_COMPILER_APPICON_NAME = AppIcon;
				ASSETCATALOG_COMPILER_GLOBAL_ACCENT_COLOR_NAME = AccentColor;
				CODE_SIGN_STYLE = Automatic;
				CURRENT_PROJECT_VERSION = 1;
				DEVELOPMENT_TEAM = JC32LMHAY4;
				GENERATE_INFOPLIST_FILE = YES;
				INFOPLIST_KEY_UIApplicationSupportsIndirectInputEvents = YES;
				INFOPLIST_KEY_UILaunchStoryboardName = LaunchScreen;
				INFOPLIST_KEY_UIMainStoryboardFile = Main;
				INFOPLIST_KEY_UIStatusBarHidden = YES;
				INFOPLIST_KEY_UISupportedInterfaceOrientations_iPad = "UIInterfaceOrientationLandscapeLeft UIInterfaceOrientationLandscapeRight";
				INFOPLIST_KEY_UISupportedInterfaceOrientations_iPhone = "UIInterfaceOrientationPortrait UIInterfaceOrientationLandscapeLeft UIInterfaceOrientationLandscapeRight";
				LD_RUNPATH_SEARCH_PATHS = (
					"$(inherited)",
					"@executable_path/Frameworks",
				);
				MARKETING_VERSION = 1.0;
				PRODUCT_BUNDLE_IDENTIFIER = "PetProject.Project-29-gorillaz";
				PRODUCT_NAME = "$(TARGET_NAME)";
				SWIFT_EMIT_LOC_STRINGS = YES;
				SWIFT_VERSION = 5.0;
				TARGETED_DEVICE_FAMILY = 2;
			};
			name = Debug;
		};
		024EB8E52876D91100291BCB /* Release */ = {
			isa = XCBuildConfiguration;
			buildSettings = {
				ASSETCATALOG_COMPILER_APPICON_NAME = AppIcon;
				ASSETCATALOG_COMPILER_GLOBAL_ACCENT_COLOR_NAME = AccentColor;
				CODE_SIGN_STYLE = Automatic;
				CURRENT_PROJECT_VERSION = 1;
				DEVELOPMENT_TEAM = JC32LMHAY4;
				GENERATE_INFOPLIST_FILE = YES;
				INFOPLIST_KEY_UIApplicationSupportsIndirectInputEvents = YES;
				INFOPLIST_KEY_UILaunchStoryboardName = LaunchScreen;
				INFOPLIST_KEY_UIMainStoryboardFile = Main;
				INFOPLIST_KEY_UIStatusBarHidden = YES;
				INFOPLIST_KEY_UISupportedInterfaceOrientations_iPad = "UIInterfaceOrientationLandscapeLeft UIInterfaceOrientationLandscapeRight";
				INFOPLIST_KEY_UISupportedInterfaceOrientations_iPhone = "UIInterfaceOrientationPortrait UIInterfaceOrientationLandscapeLeft UIInterfaceOrientationLandscapeRight";
				LD_RUNPATH_SEARCH_PATHS = (
					"$(inherited)",
					"@executable_path/Frameworks",
				);
				MARKETING_VERSION = 1.0;
				PRODUCT_BUNDLE_IDENTIFIER = "PetProject.Project-29-gorillaz";
				PRODUCT_NAME = "$(TARGET_NAME)";
				SWIFT_EMIT_LOC_STRINGS = YES;
				SWIFT_VERSION = 5.0;
				TARGETED_DEVICE_FAMILY = 2;
			};
			name = Release;
		};
/* End XCBuildConfiguration section */

/* Begin XCConfigurationList section */
		024EB8C72876D90F00291BCB /* Build configuration list for PBXProject "Project 29 gorillaz" */ = {
			isa = XCConfigurationList;
			buildConfigurations = (
				024EB8E12876D91100291BCB /* Debug */,
				024EB8E22876D91100291BCB /* Release */,
			);
			defaultConfigurationIsVisible = 0;
			defaultConfigurationName = Release;
		};
		024EB8E32876D91100291BCB /* Build configuration list for PBXNativeTarget "Project 29 gorillaz" */ = {
			isa = XCConfigurationList;
			buildConfigurations = (
				024EB8E42876D91100291BCB /* Debug */,
				024EB8E52876D91100291BCB /* Release */,
			);
			defaultConfigurationIsVisible = 0;
			defaultConfigurationName = Release;
		};
/* End XCConfigurationList section */
	};
	rootObject = 024EB8C42876D90F00291BCB /* Project object */;
}
