// !$*UTF8*$!
{
	archiveVersion = 1;
	classes = {
	};
	objectVersion = 55;
	objects = {

/* Begin PBXBuildFile section */
		02BB28DF28571E04000E20D8 /* AppDelegate.swift in Sources */ = {isa = PBXBuildFile; fileRef = 02BB28DE28571E04000E20D8 /* AppDelegate.swift */; };
		02BB28E128571E04000E20D8 /* SceneDelegate.swift in Sources */ = {isa = PBXBuildFile; fileRef = 02BB28E028571E04000E20D8 /* SceneDelegate.swift */; };
		02BB28E328571E04000E20D8 /* ViewController.swift in Sources */ = {isa = PBXBuildFile; fileRef = 02BB28E228571E04000E20D8 /* ViewController.swift */; };
		02BB28E628571E04000E20D8 /* Main.storyboard in Resources */ = {isa = PBXBuildFile; fileRef = 02BB28E428571E04000E20D8 /* Main.storyboard */; };
		02BB28E828571E05000E20D8 /* Assets.xcassets in Resources */ = {isa = PBXBuildFile; fileRef = 02BB28E728571E05000E20D8 /* Assets.xcassets */; };
		02BB28EB28571E05000E20D8 /* LaunchScreen.storyboard in Resources */ = {isa = PBXBuildFile; fileRef = 02BB28E928571E05000E20D8 /* LaunchScreen.storyboard */; };
		02BB28F9285722EB000E20D8 /* UniformTypeIdentifiers.framework in Frameworks */ = {isa = PBXBuildFile; fileRef = 02BB28F8285722EB000E20D8 /* UniformTypeIdentifiers.framework */; };
		02BB28FC285722EB000E20D8 /* Media.xcassets in Resources */ = {isa = PBXBuildFile; fileRef = 02BB28FB285722EB000E20D8 /* Media.xcassets */; };
		02BB28FE285722EB000E20D8 /* ActionViewController.swift in Sources */ = {isa = PBXBuildFile; fileRef = 02BB28FD285722EB000E20D8 /* ActionViewController.swift */; };
		02BB2905285722EB000E20D8 /* Extension.appex in Embed App Extensions */ = {isa = PBXBuildFile; fileRef = 02BB28F6285722EB000E20D8 /* Extension.appex */; settings = {ATTRIBUTES = (RemoveHeadersOnCopy, ); }; };
		02BB292528574D9D000E20D8 /* Action.js in Resources */ = {isa = PBXBuildFile; fileRef = 02BB292428574D9D000E20D8 /* Action.js */; };
		02BB292728575389000E20D8 /* MainInterface.storyboard in Resources */ = {isa = PBXBuildFile; fileRef = 02BB292628575389000E20D8 /* MainInterface.storyboard */; };
		02BB29292857C088000E20D8 /* DataHandlingService.swift in Sources */ = {isa = PBXBuildFile; fileRef = 02BB29282857C088000E20D8 /* DataHandlingService.swift */; };
		02BB292B2857D22E000E20D8 /* TableViewController.swift in Sources */ = {isa = PBXBuildFile; fileRef = 02BB292A2857D22E000E20D8 /* TableViewController.swift */; };
/* End PBXBuildFile section */

/* Begin PBXContainerItemProxy section */
		02BB2903285722EB000E20D8 /* PBXContainerItemProxy */ = {
			isa = PBXContainerItemProxy;
			containerPortal = 02BB28D328571E04000E20D8 /* Project object */;
			proxyType = 1;
			remoteGlobalIDString = 02BB28F5285722EB000E20D8;
			remoteInfo = Extension;
		};
/* End PBXContainerItemProxy section */

/* Begin PBXCopyFilesBuildPhase section */
		02BB2909285722EB000E20D8 /* Embed App Extensions */ = {
			isa = PBXCopyFilesBuildPhase;
			buildActionMask = 2147483647;
			dstPath = "";
			dstSubfolderSpec = 13;
			files = (
				02BB2905285722EB000E20D8 /* Extension.appex in Embed App Extensions */,
			);
			name = "Embed App Extensions";
			runOnlyForDeploymentPostprocessing = 0;
		};
/* End PBXCopyFilesBuildPhase section */

/* Begin PBXFileReference section */
		02BB28DB28571E04000E20D8 /* Project 19.app */ = {isa = PBXFileReference; explicitFileType = wrapper.application; includeInIndex = 0; path = "Project 19.app"; sourceTree = BUILT_PRODUCTS_DIR; };
		02BB28DE28571E04000E20D8 /* AppDelegate.swift */ = {isa = PBXFileReference; lastKnownFileType = sourcecode.swift; path = AppDelegate.swift; sourceTree = "<group>"; };
		02BB28E028571E04000E20D8 /* SceneDelegate.swift */ = {isa = PBXFileReference; lastKnownFileType = sourcecode.swift; path = SceneDelegate.swift; sourceTree = "<group>"; };
		02BB28E228571E04000E20D8 /* ViewController.swift */ = {isa = PBXFileReference; lastKnownFileType = sourcecode.swift; path = ViewController.swift; sourceTree = "<group>"; };
		02BB28E528571E04000E20D8 /* Base */ = {isa = PBXFileReference; lastKnownFileType = file.storyboard; name = Base; path = Base.lproj/Main.storyboard; sourceTree = "<group>"; };
		02BB28E728571E05000E20D8 /* Assets.xcassets */ = {isa = PBXFileReference; lastKnownFileType = folder.assetcatalog; path = Assets.xcassets; sourceTree = "<group>"; };
		02BB28EA28571E05000E20D8 /* Base */ = {isa = PBXFileReference; lastKnownFileType = file.storyboard; name = Base; path = Base.lproj/LaunchScreen.storyboard; sourceTree = "<group>"; };
		02BB28EC28571E05000E20D8 /* Info.plist */ = {isa = PBXFileReference; lastKnownFileType = text.plist.xml; path = Info.plist; sourceTree = "<group>"; };
		02BB28F6285722EB000E20D8 /* Extension.appex */ = {isa = PBXFileReference; explicitFileType = "wrapper.app-extension"; includeInIndex = 0; path = Extension.appex; sourceTree = BUILT_PRODUCTS_DIR; };
		02BB28F8285722EB000E20D8 /* UniformTypeIdentifiers.framework */ = {isa = PBXFileReference; lastKnownFileType = wrapper.framework; name = UniformTypeIdentifiers.framework; path = System/Library/Frameworks/UniformTypeIdentifiers.framework; sourceTree = SDKROOT; };
		02BB28FB285722EB000E20D8 /* Media.xcassets */ = {isa = PBXFileReference; lastKnownFileType = folder.assetcatalog; path = Media.xcassets; sourceTree = "<group>"; };
		02BB28FD285722EB000E20D8 /* ActionViewController.swift */ = {isa = PBXFileReference; lastKnownFileType = sourcecode.swift; path = ActionViewController.swift; sourceTree = "<group>"; };
		02BB291B28573E2C000E20D8 /* Info.plist */ = {isa = PBXFileReference; lastKnownFileType = text.plist.xml; path = Info.plist; sourceTree = "<group>"; };
		02BB292428574D9D000E20D8 /* Action.js */ = {isa = PBXFileReference; lastKnownFileType = sourcecode.javascript; path = Action.js; sourceTree = "<group>"; };
		02BB292628575389000E20D8 /* MainInterface.storyboard */ = {isa = PBXFileReference; fileEncoding = 4; lastKnownFileType = file.storyboard; path = MainInterface.storyboard; sourceTree = "<group>"; };
		02BB29282857C088000E20D8 /* DataHandlingService.swift */ = {isa = PBXFileReference; lastKnownFileType = sourcecode.swift; path = DataHandlingService.swift; sourceTree = "<group>"; };
		02BB292A2857D22E000E20D8 /* TableViewController.swift */ = {isa = PBXFileReference; lastKnownFileType = sourcecode.swift; path = TableViewController.swift; sourceTree = "<group>"; };
/* End PBXFileReference section */

/* Begin PBXFrameworksBuildPhase section */
		02BB28D828571E04000E20D8 /* Frameworks */ = {
			isa = PBXFrameworksBuildPhase;
			buildActionMask = 2147483647;
			files = (
			);
			runOnlyForDeploymentPostprocessing = 0;
		};
		02BB28F3285722EB000E20D8 /* Frameworks */ = {
			isa = PBXFrameworksBuildPhase;
			buildActionMask = 2147483647;
			files = (
				02BB28F9285722EB000E20D8 /* UniformTypeIdentifiers.framework in Frameworks */,
			);
			runOnlyForDeploymentPostprocessing = 0;
		};
/* End PBXFrameworksBuildPhase section */

/* Begin PBXGroup section */
		02BB28D228571E03000E20D8 = {
			isa = PBXGroup;
			children = (
				02BB28DD28571E04000E20D8 /* Project 19 */,
				02BB28FA285722EB000E20D8 /* Extension */,
				02BB28F7285722EB000E20D8 /* Frameworks */,
				02BB28DC28571E04000E20D8 /* Products */,
			);
			sourceTree = "<group>";
		};
		02BB28DC28571E04000E20D8 /* Products */ = {
			isa = PBXGroup;
			children = (
				02BB28DB28571E04000E20D8 /* Project 19.app */,
				02BB28F6285722EB000E20D8 /* Extension.appex */,
			);
			name = Products;
			sourceTree = "<group>";
		};
		02BB28DD28571E04000E20D8 /* Project 19 */ = {
			isa = PBXGroup;
			children = (
				02BB28DE28571E04000E20D8 /* AppDelegate.swift */,
				02BB28E028571E04000E20D8 /* SceneDelegate.swift */,
				02BB28E228571E04000E20D8 /* ViewController.swift */,
				02BB28E428571E04000E20D8 /* Main.storyboard */,
				02BB28E728571E05000E20D8 /* Assets.xcassets */,
				02BB28E928571E05000E20D8 /* LaunchScreen.storyboard */,
				02BB28EC28571E05000E20D8 /* Info.plist */,
			);
			path = "Project 19";
			sourceTree = "<group>";
		};
		02BB28F7285722EB000E20D8 /* Frameworks */ = {
			isa = PBXGroup;
			children = (
				02BB28F8285722EB000E20D8 /* UniformTypeIdentifiers.framework */,
			);
			name = Frameworks;
			sourceTree = "<group>";
		};
		02BB28FA285722EB000E20D8 /* Extension */ = {
			isa = PBXGroup;
			children = (
				02BB28FB285722EB000E20D8 /* Media.xcassets */,
				02BB292628575389000E20D8 /* MainInterface.storyboard */,
				02BB28FD285722EB000E20D8 /* ActionViewController.swift */,
				02BB292A2857D22E000E20D8 /* TableViewController.swift */,
				02BB29282857C088000E20D8 /* DataHandlingService.swift */,
				02BB291B28573E2C000E20D8 /* Info.plist */,
				02BB292428574D9D000E20D8 /* Action.js */,
			);
			path = Extension;
			sourceTree = "<group>";
		};
/* End PBXGroup section */

/* Begin PBXNativeTarget section */
		02BB28DA28571E04000E20D8 /* Project 19 */ = {
			isa = PBXNativeTarget;
			buildConfigurationList = 02BB28EF28571E05000E20D8 /* Build configuration list for PBXNativeTarget "Project 19" */;
			buildPhases = (
				02BB28D728571E04000E20D8 /* Sources */,
				02BB28D828571E04000E20D8 /* Frameworks */,
				02BB28D928571E04000E20D8 /* Resources */,
				02BB2909285722EB000E20D8 /* Embed App Extensions */,
			);
			buildRules = (
			);
			dependencies = (
				02BB2904285722EB000E20D8 /* PBXTargetDependency */,
			);
			name = "Project 19";
			productName = "Project 19";
			productReference = 02BB28DB28571E04000E20D8 /* Project 19.app */;
			productType = "com.apple.product-type.application";
		};
		02BB28F5285722EB000E20D8 /* Extension */ = {
			isa = PBXNativeTarget;
			buildConfigurationList = 02BB2906285722EB000E20D8 /* Build configuration list for PBXNativeTarget "Extension" */;
			buildPhases = (
				02BB28F2285722EB000E20D8 /* Sources */,
				02BB28F3285722EB000E20D8 /* Frameworks */,
				02BB28F4285722EB000E20D8 /* Resources */,
			);
			buildRules = (
			);
			dependencies = (
			);
			name = Extension;
			productName = Extension;
			productReference = 02BB28F6285722EB000E20D8 /* Extension.appex */;
			productType = "com.apple.product-type.app-extension";
		};
/* End PBXNativeTarget section */

/* Begin PBXProject section */
		02BB28D328571E04000E20D8 /* Project object */ = {
			isa = PBXProject;
			attributes = {
				BuildIndependentTargetsInParallel = 1;
				LastSwiftUpdateCheck = 1330;
				LastUpgradeCheck = 1330;
				TargetAttributes = {
					02BB28DA28571E04000E20D8 = {
						CreatedOnToolsVersion = 13.3;
					};
					02BB28F5285722EB000E20D8 = {
						CreatedOnToolsVersion = 13.3;
					};
				};
			};
			buildConfigurationList = 02BB28D628571E04000E20D8 /* Build configuration list for PBXProject "Project 19" */;
			compatibilityVersion = "Xcode 13.0";
			developmentRegion = en;
			hasScannedForEncodings = 0;
			knownRegions = (
				en,
				Base,
			);
			mainGroup = 02BB28D228571E03000E20D8;
			productRefGroup = 02BB28DC28571E04000E20D8 /* Products */;
			projectDirPath = "";
			projectRoot = "";
			targets = (
				02BB28DA28571E04000E20D8 /* Project 19 */,
				02BB28F5285722EB000E20D8 /* Extension */,
			);
		};
/* End PBXProject section */

/* Begin PBXResourcesBuildPhase section */
		02BB28D928571E04000E20D8 /* Resources */ = {
			isa = PBXResourcesBuildPhase;
			buildActionMask = 2147483647;
			files = (
				02BB28EB28571E05000E20D8 /* LaunchScreen.storyboard in Resources */,
				02BB28E828571E05000E20D8 /* Assets.xcassets in Resources */,
				02BB28E628571E04000E20D8 /* Main.storyboard in Resources */,
			);
			runOnlyForDeploymentPostprocessing = 0;
		};
		02BB28F4285722EB000E20D8 /* Resources */ = {
			isa = PBXResourcesBuildPhase;
			buildActionMask = 2147483647;
			files = (
				02BB292528574D9D000E20D8 /* Action.js in Resources */,
				02BB292728575389000E20D8 /* MainInterface.storyboard in Resources */,
				02BB28FC285722EB000E20D8 /* Media.xcassets in Resources */,
			);
			runOnlyForDeploymentPostprocessing = 0;
		};
/* End PBXResourcesBuildPhase section */

/* Begin PBXSourcesBuildPhase section */
		02BB28D728571E04000E20D8 /* Sources */ = {
			isa = PBXSourcesBuildPhase;
			buildActionMask = 2147483647;
			files = (
				02BB28E328571E04000E20D8 /* ViewController.swift in Sources */,
				02BB28DF28571E04000E20D8 /* AppDelegate.swift in Sources */,
				02BB28E128571E04000E20D8 /* SceneDelegate.swift in Sources */,
			);
			runOnlyForDeploymentPostprocessing = 0;
		};
		02BB28F2285722EB000E20D8 /* Sources */ = {
			isa = PBXSourcesBuildPhase;
			buildActionMask = 2147483647;
			files = (
				02BB29292857C088000E20D8 /* DataHandlingService.swift in Sources */,
				02BB292B2857D22E000E20D8 /* TableViewController.swift in Sources */,
				02BB28FE285722EB000E20D8 /* ActionViewController.swift in Sources */,
			);
			runOnlyForDeploymentPostprocessing = 0;
		};
/* End PBXSourcesBuildPhase section */

/* Begin PBXTargetDependency section */
		02BB2904285722EB000E20D8 /* PBXTargetDependency */ = {
			isa = PBXTargetDependency;
			target = 02BB28F5285722EB000E20D8 /* Extension */;
			targetProxy = 02BB2903285722EB000E20D8 /* PBXContainerItemProxy */;
		};
/* End PBXTargetDependency section */

/* Begin PBXVariantGroup section */
		02BB28E428571E04000E20D8 /* Main.storyboard */ = {
			isa = PBXVariantGroup;
			children = (
				02BB28E528571E04000E20D8 /* Base */,
			);
			name = Main.storyboard;
			sourceTree = "<group>";
		};
		02BB28E928571E05000E20D8 /* LaunchScreen.storyboard */ = {
			isa = PBXVariantGroup;
			children = (
				02BB28EA28571E05000E20D8 /* Base */,
			);
			name = LaunchScreen.storyboard;
			sourceTree = "<group>";
		};
/* End PBXVariantGroup section */

/* Begin XCBuildConfiguration section */
		02BB28ED28571E05000E20D8 /* Debug */ = {
			isa = XCBuildConfiguration;
			buildSettings = {
				ALWAYS_SEARCH_USER_PATHS = NO;
				CLANG_ANALYZER_NONNULL = YES;
				CLANG_ANALYZER_NUMBER_OBJECT_CONVERSION = YES_AGGRESSIVE;
				CLANG_CXX_LANGUAGE_STANDARD = "gnu++17";
				CLANG_ENABLE_MODULES = YES;
				CLANG_ENABLE_OBJC_ARC = YES;
				CLANG_ENABLE_OBJC_WEAK = YES;
				CLANG_WARN_BLOCK_CAPTURE_AUTORELEASING = YES;
				CLANG_WARN_BOOL_CONVERSION = YES;
				CLANG_WARN_COMMA = YES;
				CLANG_WARN_CONSTANT_CONVERSION = YES;
				CLANG_WARN_DEPRECATED_OBJC_IMPLEMENTATIONS = YES;
				CLANG_WARN_DIRECT_OBJC_ISA_USAGE = YES_ERROR;
				CLANG_WARN_DOCUMENTATION_COMMENTS = YES;
				CLANG_WARN_EMPTY_BODY = YES;
				CLANG_WARN_ENUM_CONVERSION = YES;
				CLANG_WARN_INFINITE_RECURSION = YES;
				CLANG_WARN_INT_CONVERSION = YES;
				CLANG_WARN_NON_LITERAL_NULL_CONVERSION = YES;
				CLANG_WARN_OBJC_IMPLICIT_RETAIN_SELF = YES;
				CLANG_WARN_OBJC_LITERAL_CONVERSION = YES;
				CLANG_WARN_OBJC_ROOT_CLASS = YES_ERROR;
				CLANG_WARN_QUOTED_INCLUDE_IN_FRAMEWORK_HEADER = YES;
				CLANG_WARN_RANGE_LOOP_ANALYSIS = YES;
				CLANG_WARN_STRICT_PROTOTYPES = YES;
				CLANG_WARN_SUSPICIOUS_MOVE = YES;
				CLANG_WARN_UNGUARDED_AVAILABILITY = YES_AGGRESSIVE;
				CLANG_WARN_UNREACHABLE_CODE = YES;
				CLANG_WARN__DUPLICATE_METHOD_MATCH = YES;
				COPY_PHASE_STRIP = NO;
				DEBUG_INFORMATION_FORMAT = dwarf;
				ENABLE_STRICT_OBJC_MSGSEND = YES;
				ENABLE_TESTABILITY = YES;
				GCC_C_LANGUAGE_STANDARD = gnu11;
				GCC_DYNAMIC_NO_PIC = NO;
				GCC_NO_COMMON_BLOCKS = YES;
				GCC_OPTIMIZATION_LEVEL = 0;
				GCC_PREPROCESSOR_DEFINITIONS = (
					"DEBUG=1",
					"$(inherited)",
				);
				GCC_WARN_64_TO_32_BIT_CONVERSION = YES;
				GCC_WARN_ABOUT_RETURN_TYPE = YES_ERROR;
				GCC_WARN_UNDECLARED_SELECTOR = YES;
				GCC_WARN_UNINITIALIZED_AUTOS = YES_AGGRESSIVE;
				GCC_WARN_UNUSED_FUNCTION = YES;
				GCC_WARN_UNUSED_VARIABLE = YES;
				IPHONEOS_DEPLOYMENT_TARGET = 15.4;
				MTL_ENABLE_DEBUG_INFO = INCLUDE_SOURCE;
				MTL_FAST_MATH = YES;
				ONLY_ACTIVE_ARCH = YES;
				SDKROOT = iphoneos;
				SWIFT_ACTIVE_COMPILATION_CONDITIONS = DEBUG;
				SWIFT_OPTIMIZATION_LEVEL = "-Onone";
			};
			name = Debug;
		};
		02BB28EE28571E05000E20D8 /* Release */ = {
			isa = XCBuildConfiguration;
			buildSettings = {
				ALWAYS_SEARCH_USER_PATHS = NO;
				CLANG_ANALYZER_NONNULL = YES;
				CLANG_ANALYZER_NUMBER_OBJECT_CONVERSION = YES_AGGRESSIVE;
				CLANG_CXX_LANGUAGE_STANDARD = "gnu++17";
				CLANG_ENABLE_MODULES = YES;
				CLANG_ENABLE_OBJC_ARC = YES;
				CLANG_ENABLE_OBJC_WEAK = YES;
				CLANG_WARN_BLOCK_CAPTURE_AUTORELEASING = YES;
				CLANG_WARN_BOOL_CONVERSION = YES;
				CLANG_WARN_COMMA = YES;
				CLANG_WARN_CONSTANT_CONVERSION = YES;
				CLANG_WARN_DEPRECATED_OBJC_IMPLEMENTATIONS = YES;
				CLANG_WARN_DIRECT_OBJC_ISA_USAGE = YES_ERROR;
				CLANG_WARN_DOCUMENTATION_COMMENTS = YES;
				CLANG_WARN_EMPTY_BODY = YES;
				CLANG_WARN_ENUM_CONVERSION = YES;
				CLANG_WARN_INFINITE_RECURSION = YES;
				CLANG_WARN_INT_CONVERSION = YES;
				CLANG_WARN_NON_LITERAL_NULL_CONVERSION = YES;
				CLANG_WARN_OBJC_IMPLICIT_RETAIN_SELF = YES;
				CLANG_WARN_OBJC_LITERAL_CONVERSION = YES;
				CLANG_WARN_OBJC_ROOT_CLASS = YES_ERROR;
				CLANG_WARN_QUOTED_INCLUDE_IN_FRAMEWORK_HEADER = YES;
				CLANG_WARN_RANGE_LOOP_ANALYSIS = YES;
				CLANG_WARN_STRICT_PROTOTYPES = YES;
				CLANG_WARN_SUSPICIOUS_MOVE = YES;
				CLANG_WARN_UNGUARDED_AVAILABILITY = YES_AGGRESSIVE;
				CLANG_WARN_UNREACHABLE_CODE = YES;
				CLANG_WARN__DUPLICATE_METHOD_MATCH = YES;
				COPY_PHASE_STRIP = NO;
				DEBUG_INFORMATION_FORMAT = "dwarf-with-dsym";
				ENABLE_NS_ASSERTIONS = NO;
				ENABLE_STRICT_OBJC_MSGSEND = YES;
				GCC_C_LANGUAGE_STANDARD = gnu11;
				GCC_NO_COMMON_BLOCKS = YES;
				GCC_WARN_64_TO_32_BIT_CONVERSION = YES;
				GCC_WARN_ABOUT_RETURN_TYPE = YES_ERROR;
				GCC_WARN_UNDECLARED_SELECTOR = YES;
				GCC_WARN_UNINITIALIZED_AUTOS = YES_AGGRESSIVE;
				GCC_WARN_UNUSED_FUNCTION = YES;
				GCC_WARN_UNUSED_VARIABLE = YES;
				IPHONEOS_DEPLOYMENT_TARGET = 15.4;
				MTL_ENABLE_DEBUG_INFO = NO;
				MTL_FAST_MATH = YES;
				SDKROOT = iphoneos;
				SWIFT_COMPILATION_MODE = wholemodule;
				SWIFT_OPTIMIZATION_LEVEL = "-O";
				VALIDATE_PRODUCT = YES;
			};
			name = Release;
		};
		02BB28F028571E05000E20D8 /* Debug */ = {
			isa = XCBuildConfiguration;
			buildSettings = {
				ALWAYS_EMBED_SWIFT_STANDARD_LIBRARIES = YES;
				ASSETCATALOG_COMPILER_APPICON_NAME = AppIcon;
				ASSETCATALOG_COMPILER_GLOBAL_ACCENT_COLOR_NAME = AccentColor;
				CODE_SIGN_ENTITLEMENTS = "Project 19/Project 19Debug.entitlements";
				CODE_SIGN_IDENTITY = "Apple Development";
				CODE_SIGN_STYLE = Automatic;
				CURRENT_PROJECT_VERSION = 1;
				DEVELOPMENT_TEAM = "";
				GENERATE_INFOPLIST_FILE = YES;
				INFOPLIST_FILE = "Project 19/Info.plist";
				INFOPLIST_KEY_UIApplicationSupportsIndirectInputEvents = YES;
				INFOPLIST_KEY_UILaunchStoryboardName = LaunchScreen;
				INFOPLIST_KEY_UIMainStoryboardFile = Main;
				INFOPLIST_KEY_UISupportedInterfaceOrientations_iPad = "UIInterfaceOrientationPortrait UIInterfaceOrientationPortraitUpsideDown UIInterfaceOrientationLandscapeLeft UIInterfaceOrientationLandscapeRight";
				INFOPLIST_KEY_UISupportedInterfaceOrientations_iPhone = "UIInterfaceOrientationPortrait UIInterfaceOrientationLandscapeLeft UIInterfaceOrientationLandscapeRight";
				LD_RUNPATH_SEARCH_PATHS = (
					"$(inherited)",
					"@executable_path/Frameworks",
				);
				MARKETING_VERSION = 1.0;
				PRODUCT_BUNDLE_IDENTIFIER = "PetProject.Project-19";
				PRODUCT_NAME = "$(TARGET_NAME)";
				PROVISIONING_PROFILE_SPECIFIER = "";
				SWIFT_EMIT_LOC_STRINGS = YES;
				SWIFT_VERSION = 5.0;
				TARGETED_DEVICE_FAMILY = "1,2";
			};
			name = Debug;
		};
		02BB28F128571E05000E20D8 /* Release */ = {
			isa = XCBuildConfiguration;
			buildSettings = {
				ALWAYS_EMBED_SWIFT_STANDARD_LIBRARIES = YES;
				ASSETCATALOG_COMPILER_APPICON_NAME = AppIcon;
				ASSETCATALOG_COMPILER_GLOBAL_ACCENT_COLOR_NAME = AccentColor;
				CODE_SIGN_ENTITLEMENTS = "Project 19/Project 19.entitlements";
				CODE_SIGN_STYLE = Automatic;
				CURRENT_PROJECT_VERSION = 1;
				DEVELOPMENT_TEAM = JC32LMHAY4;
				GENERATE_INFOPLIST_FILE = YES;
				INFOPLIST_FILE = "Project 19/Info.plist";
				INFOPLIST_KEY_UIApplicationSupportsIndirectInputEvents = YES;
				INFOPLIST_KEY_UILaunchStoryboardName = LaunchScreen;
				INFOPLIST_KEY_UIMainStoryboardFile = Main;
				INFOPLIST_KEY_UISupportedInterfaceOrientations_iPad = "UIInterfaceOrientationPortrait UIInterfaceOrientationPortraitUpsideDown UIInterfaceOrientationLandscapeLeft UIInterfaceOrientationLandscapeRight";
				INFOPLIST_KEY_UISupportedInterfaceOrientations_iPhone = "UIInterfaceOrientationPortrait UIInterfaceOrientationLandscapeLeft UIInterfaceOrientationLandscapeRight";
				LD_RUNPATH_SEARCH_PATHS = (
					"$(inherited)",
					"@executable_path/Frameworks",
				);
				MARKETING_VERSION = 1.0;
				PRODUCT_BUNDLE_IDENTIFIER = "PetProject.Project-19";
				PRODUCT_NAME = "$(TARGET_NAME)";
				SWIFT_EMIT_LOC_STRINGS = YES;
				SWIFT_VERSION = 5.0;
				TARGETED_DEVICE_FAMILY = "1,2";
			};
			name = Release;
		};
		02BB2907285722EB000E20D8 /* Debug */ = {
			isa = XCBuildConfiguration;
			buildSettings = {
				CODE_SIGN_STYLE = Automatic;
				CURRENT_PROJECT_VERSION = 1;
				DEVELOPMENT_TEAM = JC32LMHAY4;
				GENERATE_INFOPLIST_FILE = YES;
				INFOPLIST_FILE = Extension/Info.plist;
				INFOPLIST_KEY_CFBundleDisplayName = Extension;
				INFOPLIST_KEY_NSHumanReadableCopyright = "";
				LD_RUNPATH_SEARCH_PATHS = (
					"$(inherited)",
					"@executable_path/Frameworks",
					"@executable_path/../../Frameworks",
				);
				MARKETING_VERSION = 1.0;
				PRODUCT_BUNDLE_IDENTIFIER = "PetProject.Project-19.Extension";
				PRODUCT_NAME = "$(TARGET_NAME)";
				SKIP_INSTALL = YES;
				SWIFT_EMIT_LOC_STRINGS = YES;
				SWIFT_VERSION = 5.0;
				TARGETED_DEVICE_FAMILY = "1,2";
			};
			name = Debug;
		};
		02BB2908285722EB000E20D8 /* Release */ = {
			isa = XCBuildConfiguration;
			buildSettings = {
				CODE_SIGN_STYLE = Automatic;
				CURRENT_PROJECT_VERSION = 1;
				DEVELOPMENT_TEAM = JC32LMHAY4;
				GENERATE_INFOPLIST_FILE = YES;
				INFOPLIST_FILE = Extension/Info.plist;
				INFOPLIST_KEY_CFBundleDisplayName = Extension;
				INFOPLIST_KEY_NSHumanReadableCopyright = "";
				LD_RUNPATH_SEARCH_PATHS = (
					"$(inherited)",
					"@executable_path/Frameworks",
					"@executable_path/../../Frameworks",
				);
				MARKETING_VERSION = 1.0;
				PRODUCT_BUNDLE_IDENTIFIER = "PetProject.Project-19.Extension";
				PRODUCT_NAME = "$(TARGET_NAME)";
				SKIP_INSTALL = YES;
				SWIFT_EMIT_LOC_STRINGS = YES;
				SWIFT_VERSION = 5.0;
				TARGETED_DEVICE_FAMILY = "1,2";
			};
			name = Release;
		};
/* End XCBuildConfiguration section */

/* Begin XCConfigurationList section */
		02BB28D628571E04000E20D8 /* Build configuration list for PBXProject "Project 19" */ = {
			isa = XCConfigurationList;
			buildConfigurations = (
				02BB28ED28571E05000E20D8 /* Debug */,
				02BB28EE28571E05000E20D8 /* Release */,
			);
			defaultConfigurationIsVisible = 0;
			defaultConfigurationName = Release;
		};
		02BB28EF28571E05000E20D8 /* Build configuration list for PBXNativeTarget "Project 19" */ = {
			isa = XCConfigurationList;
			buildConfigurations = (
				02BB28F028571E05000E20D8 /* Debug */,
				02BB28F128571E05000E20D8 /* Release */,
			);
			defaultConfigurationIsVisible = 0;
			defaultConfigurationName = Release;
		};
		02BB2906285722EB000E20D8 /* Build configuration list for PBXNativeTarget "Extension" */ = {
			isa = XCConfigurationList;
			buildConfigurations = (
				02BB2907285722EB000E20D8 /* Debug */,
				02BB2908285722EB000E20D8 /* Release */,
			);
			defaultConfigurationIsVisible = 0;
			defaultConfigurationName = Release;
		};
/* End XCConfigurationList section */
	};
	rootObject = 02BB28D328571E04000E20D8 /* Project object */;
}
