// !$*UTF8*$!
{
	archiveVersion = 1;
	classes = {
	};
	objectVersion = 55;
	objects = {

/* Begin PBXBuildFile section */
		023B7BC6283B89C000970414 /* AppDelegate.swift in Sources */ = {isa = PBXBuildFile; fileRef = 023B7BC5283B89C000970414 /* AppDelegate.swift */; };
		023B7BC8283B89C000970414 /* SceneDelegate.swift in Sources */ = {isa = PBXBuildFile; fileRef = 023B7BC7283B89C000970414 /* SceneDelegate.swift */; };
		023B7BCA283B89C000970414 /* ViewController.swift in Sources */ = {isa = PBXBuildFile; fileRef = 023B7BC9283B89C000970414 /* ViewController.swift */; };
		023B7BCD283B89C000970414 /* Main.storyboard in Resources */ = {isa = PBXBuildFile; fileRef = 023B7BCB283B89C000970414 /* Main.storyboard */; };
		023B7BCF283B89C200970414 /* Assets.xcassets in Resources */ = {isa = PBXBuildFile; fileRef = 023B7BCE283B89C200970414 /* Assets.xcassets */; };
		023B7BD2283B89C200970414 /* LaunchScreen.storyboard in Resources */ = {isa = PBXBuildFile; fileRef = 023B7BD0283B89C200970414 /* LaunchScreen.storyboard */; };
		023B7BDA283B8B9D00970414 /* PersonCell.swift in Sources */ = {isa = PBXBuildFile; fileRef = 023B7BD9283B8B9D00970414 /* PersonCell.swift */; };
		023B7BDC283BA50F00970414 /* Person.swift in Sources */ = {isa = PBXBuildFile; fileRef = 023B7BDB283BA50F00970414 /* Person.swift */; };
		024EB8C02875C50200291BCB /* KeychainItemAccessibility.swift in Sources */ = {isa = PBXBuildFile; fileRef = 024EB8BF2875C50200291BCB /* KeychainItemAccessibility.swift */; };
		024EB8C22875C50600291BCB /* KeychainWrapper.swift in Sources */ = {isa = PBXBuildFile; fileRef = 024EB8C12875C50600291BCB /* KeychainWrapper.swift */; };
/* End PBXBuildFile section */

/* Begin PBXFileReference section */
		023B7BC2283B89C000970414 /* Project 10new.app */ = {isa = PBXFileReference; explicitFileType = wrapper.application; includeInIndex = 0; path = "Project 10new.app"; sourceTree = BUILT_PRODUCTS_DIR; };
		023B7BC5283B89C000970414 /* AppDelegate.swift */ = {isa = PBXFileReference; lastKnownFileType = sourcecode.swift; path = AppDelegate.swift; sourceTree = "<group>"; };
		023B7BC7283B89C000970414 /* SceneDelegate.swift */ = {isa = PBXFileReference; lastKnownFileType = sourcecode.swift; path = SceneDelegate.swift; sourceTree = "<group>"; };
		023B7BC9283B89C000970414 /* ViewController.swift */ = {isa = PBXFileReference; lastKnownFileType = sourcecode.swift; path = ViewController.swift; sourceTree = "<group>"; };
		023B7BCC283B89C000970414 /* Base */ = {isa = PBXFileReference; lastKnownFileType = file.storyboard; name = Base; path = Base.lproj/Main.storyboard; sourceTree = "<group>"; };
		023B7BCE283B89C200970414 /* Assets.xcassets */ = {isa = PBXFileReference; lastKnownFileType = folder.assetcatalog; path = Assets.xcassets; sourceTree = "<group>"; };
		023B7BD1283B89C200970414 /* Base */ = {isa = PBXFileReference; lastKnownFileType = file.storyboard; name = Base; path = Base.lproj/LaunchScreen.storyboard; sourceTree = "<group>"; };
		023B7BD3283B89C200970414 /* Info.plist */ = {isa = PBXFileReference; lastKnownFileType = text.plist.xml; path = Info.plist; sourceTree = "<group>"; };
		023B7BD9283B8B9D00970414 /* PersonCell.swift */ = {isa = PBXFileReference; lastKnownFileType = sourcecode.swift; path = PersonCell.swift; sourceTree = "<group>"; };
		023B7BDB283BA50F00970414 /* Person.swift */ = {isa = PBXFileReference; lastKnownFileType = sourcecode.swift; path = Person.swift; sourceTree = "<group>"; };
		024EB8BF2875C50200291BCB /* KeychainItemAccessibility.swift */ = {isa = PBXFileReference; fileEncoding = 4; lastKnownFileType = sourcecode.swift; path = KeychainItemAccessibility.swift; sourceTree = "<group>"; };
		024EB8C12875C50600291BCB /* KeychainWrapper.swift */ = {isa = PBXFileReference; fileEncoding = 4; lastKnownFileType = sourcecode.swift; path = KeychainWrapper.swift; sourceTree = "<group>"; };
/* End PBXFileReference section */

/* Begin PBXFrameworksBuildPhase section */
		023B7BBF283B89C000970414 /* Frameworks */ = {
			isa = PBXFrameworksBuildPhase;
			buildActionMask = 2147483647;
			files = (
			);
			runOnlyForDeploymentPostprocessing = 0;
		};
/* End PBXFrameworksBuildPhase section */

/* Begin PBXGroup section */
		023B7BB9283B89C000970414 = {
			isa = PBXGroup;
			children = (
				023B7BC4283B89C000970414 /* Project 10new */,
				023B7BC3283B89C000970414 /* Products */,
			);
			sourceTree = "<group>";
		};
		023B7BC3283B89C000970414 /* Products */ = {
			isa = PBXGroup;
			children = (
				023B7BC2283B89C000970414 /* Project 10new.app */,
			);
			name = Products;
			sourceTree = "<group>";
		};
		023B7BC4283B89C000970414 /* Project 10new */ = {
			isa = PBXGroup;
			children = (
				023B7BC5283B89C000970414 /* AppDelegate.swift */,
				023B7BC7283B89C000970414 /* SceneDelegate.swift */,
				023B7BDB283BA50F00970414 /* Person.swift */,
				023B7BD9283B8B9D00970414 /* PersonCell.swift */,
				023B7BC9283B89C000970414 /* ViewController.swift */,
				023B7BCB283B89C000970414 /* Main.storyboard */,
				023B7BCE283B89C200970414 /* Assets.xcassets */,
				023B7BD0283B89C200970414 /* LaunchScreen.storyboard */,
				024EB8BF2875C50200291BCB /* KeychainItemAccessibility.swift */,
				024EB8C12875C50600291BCB /* KeychainWrapper.swift */,
				023B7BD3283B89C200970414 /* Info.plist */,
			);
			path = "Project 10new";
			sourceTree = "<group>";
		};
/* End PBXGroup section */

/* Begin PBXNativeTarget section */
		023B7BC1283B89C000970414 /* Project 10new */ = {
			isa = PBXNativeTarget;
			buildConfigurationList = 023B7BD6283B89C200970414 /* Build configuration list for PBXNativeTarget "Project 10new" */;
			buildPhases = (
				023B7BBE283B89C000970414 /* Sources */,
				023B7BBF283B89C000970414 /* Frameworks */,
				023B7BC0283B89C000970414 /* Resources */,
			);
			buildRules = (
			);
			dependencies = (
			);
			name = "Project 10new";
			productName = "Project 10new";
			productReference = 023B7BC2283B89C000970414 /* Project 10new.app */;
			productType = "com.apple.product-type.application";
		};
/* End PBXNativeTarget section */

/* Begin PBXProject section */
		023B7BBA283B89C000970414 /* Project object */ = {
			isa = PBXProject;
			attributes = {
				BuildIndependentTargetsInParallel = 1;
				LastSwiftUpdateCheck = 1330;
				LastUpgradeCheck = 1330;
				TargetAttributes = {
					023B7BC1283B89C000970414 = {
						CreatedOnToolsVersion = 13.3;
					};
				};
			};
			buildConfigurationList = 023B7BBD283B89C000970414 /* Build configuration list for PBXProject "Project 10new" */;
			compatibilityVersion = "Xcode 13.0";
			developmentRegion = en;
			hasScannedForEncodings = 0;
			knownRegions = (
				en,
				Base,
			);
			mainGroup = 023B7BB9283B89C000970414;
			productRefGroup = 023B7BC3283B89C000970414 /* Products */;
			projectDirPath = "";
			projectRoot = "";
			targets = (
				023B7BC1283B89C000970414 /* Project 10new */,
			);
		};
/* End PBXProject section */

/* Begin PBXResourcesBuildPhase section */
		023B7BC0283B89C000970414 /* Resources */ = {
			isa = PBXResourcesBuildPhase;
			buildActionMask = 2147483647;
			files = (
				023B7BD2283B89C200970414 /* LaunchScreen.storyboard in Resources */,
				023B7BCF283B89C200970414 /* Assets.xcassets in Resources */,
				023B7BCD283B89C000970414 /* Main.storyboard in Resources */,
			);
			runOnlyForDeploymentPostprocessing = 0;
		};
/* End PBXResourcesBuildPhase section */

/* Begin PBXSourcesBuildPhase section */
		023B7BBE283B89C000970414 /* Sources */ = {
			isa = PBXSourcesBuildPhase;
			buildActionMask = 2147483647;
			files = (
				023B7BDC283BA50F00970414 /* Person.swift in Sources */,
				023B7BCA283B89C000970414 /* ViewController.swift in Sources */,
				023B7BC6283B89C000970414 /* AppDelegate.swift in Sources */,
				024EB8C22875C50600291BCB /* KeychainWrapper.swift in Sources */,
				023B7BDA283B8B9D00970414 /* PersonCell.swift in Sources */,
				023B7BC8283B89C000970414 /* SceneDelegate.swift in Sources */,
				024EB8C02875C50200291BCB /* KeychainItemAccessibility.swift in Sources */,
			);
			runOnlyForDeploymentPostprocessing = 0;
		};
/* End PBXSourcesBuildPhase section */

/* Begin PBXVariantGroup section */
		023B7BCB283B89C000970414 /* Main.storyboard */ = {
			isa = PBXVariantGroup;
			children = (
				023B7BCC283B89C000970414 /* Base */,
			);
			name = Main.storyboard;
			sourceTree = "<group>";
		};
		023B7BD0283B89C200970414 /* LaunchScreen.storyboard */ = {
			isa = PBXVariantGroup;
			children = (
				023B7BD1283B89C200970414 /* Base */,
			);
			name = LaunchScreen.storyboard;
			sourceTree = "<group>";
		};
/* End PBXVariantGroup section */

/* Begin XCBuildConfiguration section */
		023B7BD4283B89C200970414 /* Debug */ = {
			isa = XCBuildConfiguration;
			buildSettings = {
				ALWAYS_SEARCH_USER_PATHS = NO;
				CLANG_ANALYZER_NONNULL = YES;
				CLANG_ANALYZER_NUMBER_OBJECT_CONVERSION = YES_AGGRESSIVE;
				CLANG_CXX_LANGUAGE_STANDARD = "gnu++17";
				CLANG_ENABLE_MODULES = YES;
				CLANG_ENABLE_OBJC_ARC = YES;
				CLANG_ENABLE_OBJC_WEAK = YES;
				CLANG_WARN_BLOCK_CAPTURE_AUTORELEASING = YES;
				CLANG_WARN_BOOL_CONVERSION = YES;
				CLANG_WARN_COMMA = YES;
				CLANG_WARN_CONSTANT_CONVERSION = YES;
				CLANG_WARN_DEPRECATED_OBJC_IMPLEMENTATIONS = YES;
				CLANG_WARN_DIRECT_OBJC_ISA_USAGE = YES_ERROR;
				CLANG_WARN_DOCUMENTATION_COMMENTS = YES;
				CLANG_WARN_EMPTY_BODY = YES;
				CLANG_WARN_ENUM_CONVERSION = YES;
				CLANG_WARN_INFINITE_RECURSION = YES;
				CLANG_WARN_INT_CONVERSION = YES;
				CLANG_WARN_NON_LITERAL_NULL_CONVERSION = YES;
				CLANG_WARN_OBJC_IMPLICIT_RETAIN_SELF = YES;
				CLANG_WARN_OBJC_LITERAL_CONVERSION = YES;
				CLANG_WARN_OBJC_ROOT_CLASS = YES_ERROR;
				CLANG_WARN_QUOTED_INCLUDE_IN_FRAMEWORK_HEADER = YES;
				CLANG_WARN_RANGE_LOOP_ANALYSIS = YES;
				CLANG_WARN_STRICT_PROTOTYPES = YES;
				CLANG_WARN_SUSPICIOUS_MOVE = YES;
				CLANG_WARN_UNGUARDED_AVAILABILITY = YES_AGGRESSIVE;
				CLANG_WARN_UNREACHABLE_CODE = YES;
				CLANG_WARN__DUPLICATE_METHOD_MATCH = YES;
				COPY_PHASE_STRIP = NO;
				DEBUG_INFORMATION_FORMAT = dwarf;
				ENABLE_STRICT_OBJC_MSGSEND = YES;
				ENABLE_TESTABILITY = YES;
				GCC_C_LANGUAGE_STANDARD = gnu11;
				GCC_DYNAMIC_NO_PIC = NO;
				GCC_NO_COMMON_BLOCKS = YES;
				GCC_OPTIMIZATION_LEVEL = 0;
				GCC_PREPROCESSOR_DEFINITIONS = (
					"DEBUG=1",
					"$(inherited)",
				);
				GCC_WARN_64_TO_32_BIT_CONVERSION = YES;
				GCC_WARN_ABOUT_RETURN_TYPE = YES_ERROR;
				GCC_WARN_UNDECLARED_SELECTOR = YES;
				GCC_WARN_UNINITIALIZED_AUTOS = YES_AGGRESSIVE;
				GCC_WARN_UNUSED_FUNCTION = YES;
				GCC_WARN_UNUSED_VARIABLE = YES;
				IPHONEOS_DEPLOYMENT_TARGET = 15.4;
				MTL_ENABLE_DEBUG_INFO = INCLUDE_SOURCE;
				MTL_FAST_MATH = YES;
				ONLY_ACTIVE_ARCH = YES;
				SDKROOT = iphoneos;
				SWIFT_ACTIVE_COMPILATION_CONDITIONS = DEBUG;
				SWIFT_OPTIMIZATION_LEVEL = "-Onone";
			};
			name = Debug;
		};
		023B7BD5283B89C200970414 /* Release */ = {
			isa = XCBuildConfiguration;
			buildSettings = {
				ALWAYS_SEARCH_USER_PATHS = NO;
				CLANG_ANALYZER_NONNULL = YES;
				CLANG_ANALYZER_NUMBER_OBJECT_CONVERSION = YES_AGGRESSIVE;
				CLANG_CXX_LANGUAGE_STANDARD = "gnu++17";
				CLANG_ENABLE_MODULES = YES;
				CLANG_ENABLE_OBJC_ARC = YES;
				CLANG_ENABLE_OBJC_WEAK = YES;
				CLANG_WARN_BLOCK_CAPTURE_AUTORELEASING = YES;
				CLANG_WARN_BOOL_CONVERSION = YES;
				CLANG_WARN_COMMA = YES;
				CLANG_WARN_CONSTANT_CONVERSION = YES;
				CLANG_WARN_DEPRECATED_OBJC_IMPLEMENTATIONS = YES;
				CLANG_WARN_DIRECT_OBJC_ISA_USAGE = YES_ERROR;
				CLANG_WARN_DOCUMENTATION_COMMENTS = YES;
				CLANG_WARN_EMPTY_BODY = YES;
				CLANG_WARN_ENUM_CONVERSION = YES;
				CLANG_WARN_INFINITE_RECURSION = YES;
				CLANG_WARN_INT_CONVERSION = YES;
				CLANG_WARN_NON_LITERAL_NULL_CONVERSION = YES;
				CLANG_WARN_OBJC_IMPLICIT_RETAIN_SELF = YES;
				CLANG_WARN_OBJC_LITERAL_CONVERSION = YES;
				CLANG_WARN_OBJC_ROOT_CLASS = YES_ERROR;
				CLANG_WARN_QUOTED_INCLUDE_IN_FRAMEWORK_HEADER = YES;
				CLANG_WARN_RANGE_LOOP_ANALYSIS = YES;
				CLANG_WARN_STRICT_PROTOTYPES = YES;
				CLANG_WARN_SUSPICIOUS_MOVE = YES;
				CLANG_WARN_UNGUARDED_AVAILABILITY = YES_AGGRESSIVE;
				CLANG_WARN_UNREACHABLE_CODE = YES;
				CLANG_WARN__DUPLICATE_METHOD_MATCH = YES;
				COPY_PHASE_STRIP = NO;
				DEBUG_INFORMATION_FORMAT = "dwarf-with-dsym";
				ENABLE_NS_ASSERTIONS = NO;
				ENABLE_STRICT_OBJC_MSGSEND = YES;
				GCC_C_LANGUAGE_STANDARD = gnu11;
				GCC_NO_COMMON_BLOCKS = YES;
				GCC_WARN_64_TO_32_BIT_CONVERSION = YES;
				GCC_WARN_ABOUT_RETURN_TYPE = YES_ERROR;
				GCC_WARN_UNDECLARED_SELECTOR = YES;
				GCC_WARN_UNINITIALIZED_AUTOS = YES_AGGRESSIVE;
				GCC_WARN_UNUSED_FUNCTION = YES;
				GCC_WARN_UNUSED_VARIABLE = YES;
				IPHONEOS_DEPLOYMENT_TARGET = 15.4;
				MTL_ENABLE_DEBUG_INFO = NO;
				MTL_FAST_MATH = YES;
				SDKROOT = iphoneos;
				SWIFT_COMPILATION_MODE = wholemodule;
				SWIFT_OPTIMIZATION_LEVEL = "-O";
				VALIDATE_PRODUCT = YES;
			};
			name = Release;
		};
		023B7BD7283B89C200970414 /* Debug */ = {
			isa = XCBuildConfiguration;
			buildSettings = {
				ASSETCATALOG_COMPILER_APPICON_NAME = AppIcon;
				ASSETCATALOG_COMPILER_GLOBAL_ACCENT_COLOR_NAME = AccentColor;
				CODE_SIGN_STYLE = Automatic;
				CURRENT_PROJECT_VERSION = 1;
				DEVELOPMENT_TEAM = JC32LMHAY4;
				GENERATE_INFOPLIST_FILE = YES;
				INFOPLIST_FILE = "Project 10new/Info.plist";
				INFOPLIST_KEY_UIApplicationSupportsIndirectInputEvents = YES;
				INFOPLIST_KEY_UILaunchStoryboardName = LaunchScreen;
				INFOPLIST_KEY_UIMainStoryboardFile = Main;
				INFOPLIST_KEY_UISupportedInterfaceOrientations = "UIInterfaceOrientationPortrait UIInterfaceOrientationLandscapeLeft";
				INFOPLIST_KEY_UISupportedInterfaceOrientations_iPad = "UIInterfaceOrientationPortrait UIInterfaceOrientationPortraitUpsideDown UIInterfaceOrientationLandscapeLeft UIInterfaceOrientationLandscapeRight";
				INFOPLIST_KEY_UISupportedInterfaceOrientations_iPhone = "UIInterfaceOrientationPortrait UIInterfaceOrientationLandscapeLeft UIInterfaceOrientationLandscapeRight";
				LD_RUNPATH_SEARCH_PATHS = (
					"$(inherited)",
					"@executable_path/Frameworks",
				);
				MARKETING_VERSION = 1.0;
				PRODUCT_BUNDLE_IDENTIFIER = "PetProject.Project-10new";
				PRODUCT_NAME = "$(TARGET_NAME)";
				SWIFT_EMIT_LOC_STRINGS = YES;
				SWIFT_VERSION = 5.0;
				TARGETED_DEVICE_FAMILY = "1,2";
			};
			name = Debug;
		};
		023B7BD8283B89C200970414 /* Release */ = {
			isa = XCBuildConfiguration;
			buildSettings = {
				ASSETCATALOG_COMPILER_APPICON_NAME = AppIcon;
				ASSETCATALOG_COMPILER_GLOBAL_ACCENT_COLOR_NAME = AccentColor;
				CODE_SIGN_STYLE = Automatic;
				CURRENT_PROJECT_VERSION = 1;
				DEVELOPMENT_TEAM = JC32LMHAY4;
				GENERATE_INFOPLIST_FILE = YES;
				INFOPLIST_FILE = "Project 10new/Info.plist";
				INFOPLIST_KEY_UIApplicationSupportsIndirectInputEvents = YES;
				INFOPLIST_KEY_UILaunchStoryboardName = LaunchScreen;
				INFOPLIST_KEY_UIMainStoryboardFile = Main;
				INFOPLIST_KEY_UISupportedInterfaceOrientations = "UIInterfaceOrientationPortrait UIInterfaceOrientationLandscapeLeft";
				INFOPLIST_KEY_UISupportedInterfaceOrientations_iPad = "UIInterfaceOrientationPortrait UIInterfaceOrientationPortraitUpsideDown UIInterfaceOrientationLandscapeLeft UIInterfaceOrientationLandscapeRight";
				INFOPLIST_KEY_UISupportedInterfaceOrientations_iPhone = "UIInterfaceOrientationPortrait UIInterfaceOrientationLandscapeLeft UIInterfaceOrientationLandscapeRight";
				LD_RUNPATH_SEARCH_PATHS = (
					"$(inherited)",
					"@executable_path/Frameworks",
				);
				MARKETING_VERSION = 1.0;
				PRODUCT_BUNDLE_IDENTIFIER = "PetProject.Project-10new";
				PRODUCT_NAME = "$(TARGET_NAME)";
				SWIFT_EMIT_LOC_STRINGS = YES;
				SWIFT_VERSION = 5.0;
				TARGETED_DEVICE_FAMILY = "1,2";
			};
			name = Release;
		};
/* End XCBuildConfiguration section */

/* Begin XCConfigurationList section */
		023B7BBD283B89C000970414 /* Build configuration list for PBXProject "Project 10new" */ = {
			isa = XCConfigurationList;
			buildConfigurations = (
				023B7BD4283B89C200970414 /* Debug */,
				023B7BD5283B89C200970414 /* Release */,
			);
			defaultConfigurationIsVisible = 0;
			defaultConfigurationName = Release;
		};
		023B7BD6283B89C200970414 /* Build configuration list for PBXNativeTarget "Project 10new" */ = {
			isa = XCConfigurationList;
			buildConfigurations = (
				023B7BD7283B89C200970414 /* Debug */,
				023B7BD8283B89C200970414 /* Release */,
			);
			defaultConfigurationIsVisible = 0;
			defaultConfigurationName = Release;
		};
/* End XCConfigurationList section */
	};
	rootObject = 023B7BBA283B89C000970414 /* Project object */;
}
